dependencies:
  espressif/esp32-camera:
    component_hash: a82de4ee0b383bd34695935385c6a6c720129084580c2bbb55dce76eb2a3788f
    dependencies: []
    source:
      registry_url: https://components.espressif.com/
      type: service
    version: 2.0.13
  idf:
    source:
      type: idf
    version: 5.3.1
direct_dependencies:
- espressif/esp32-camera
- idf
manifest_hash: aadcee3c47c7c985a2e59d245d5e0d0445543ec0ed2977dd1a12d3948ef0226c
target: esp32s3
version: 2.0.0
